// !$*UTF8*$!
{
	archiveVersion = 1;
	classes = {
	};
	objectVersion = 56;
	objects = {

/* Begin PBXBuildFile section */
		F8C748792D67647200C7C5C0 /* CoreDataManager.swift in Sources */ = {isa = PBXBuildFile; fileRef = F8C748782D67647200C7C5C0 /* CoreDataManager.swift */; };
		F8C7487B2D6764FF00C7C5C0 /* ErrorMessages.swift in Sources */ = {isa = PBXBuildFile; fileRef = F8C7487A2D6764FF00C7C5C0 /* ErrorMessages.swift */; };
		F8C748802D69D50200C7C5C0 /* ViewController+Ext.swift in Sources */ = {isa = PBXBuildFile; fileRef = F8C7487F2D69D50200C7C5C0 /* ViewController+Ext.swift */; };
		F8FDDF0F2D64C87D00C325BF /* AppDelegate.swift in Sources */ = {isa = PBXBuildFile; fileRef = F8FDDF0E2D64C87D00C325BF /* AppDelegate.swift */; };
		F8FDDF112D64C87D00C325BF /* SceneDelegate.swift in Sources */ = {isa = PBXBuildFile; fileRef = F8FDDF102D64C87D00C325BF /* SceneDelegate.swift */; };
		F8FDDF132D64C87D00C325BF /* MainScreenVC.swift in Sources */ = {isa = PBXBuildFile; fileRef = F8FDDF122D64C87D00C325BF /* MainScreenVC.swift */; };
		F8FDDF192D64C87D00C325BF /* ChildrenInfoApp.xcdatamodeld in Sources */ = {isa = PBXBuildFile; fileRef = F8FDDF172D64C87D00C325BF /* ChildrenInfoApp.xcdatamodeld */; };
		F8FDDF1B2D64C88100C325BF /* Assets.xcassets in Resources */ = {isa = PBXBuildFile; fileRef = F8FDDF1A2D64C88100C325BF /* Assets.xcassets */; };
		F8FDDF1E2D64C88100C325BF /* LaunchScreen.storyboard in Resources */ = {isa = PBXBuildFile; fileRef = F8FDDF1C2D64C88100C325BF /* LaunchScreen.storyboard */; };
		F8FDDF262D64CE0500C325BF /* InfoView.swift in Sources */ = {isa = PBXBuildFile; fileRef = F8FDDF252D64CE0500C325BF /* InfoView.swift */; };
		F8FDDF2C2D65EAAB00C325BF /* CICustomCell.swift in Sources */ = {isa = PBXBuildFile; fileRef = F8FDDF2B2D65EAAB00C325BF /* CICustomCell.swift */; };
		F8FDDF2E2D65EE5B00C325BF /* ChildInfoView.swift in Sources */ = {isa = PBXBuildFile; fileRef = F8FDDF2D2D65EE5B00C325BF /* ChildInfoView.swift */; };
		F8FDDF3A2D66621700C325BF /* CIMainLabel.swift in Sources */ = {isa = PBXBuildFile; fileRef = F8FDDF392D66621700C325BF /* CIMainLabel.swift */; };
		F8FDDF3C2D66623100C325BF /* CITextFiled.swift in Sources */ = {isa = PBXBuildFile; fileRef = F8FDDF3B2D66623100C325BF /* CITextFiled.swift */; };
		F8FDDF3E2D66642100C325BF /* CIButton.swift in Sources */ = {isa = PBXBuildFile; fileRef = F8FDDF3D2D66642100C325BF /* CIButton.swift */; };
		F8FDDF452D66677C00C325BF /* ChildObject+CoreDataClass.swift in Sources */ = {isa = PBXBuildFile; fileRef = F8FDDF432D66677C00C325BF /* ChildObject+CoreDataClass.swift */; };
		F8FDDF462D66677C00C325BF /* ChildObject+CoreDataProperties.swift in Sources */ = {isa = PBXBuildFile; fileRef = F8FDDF442D66677C00C325BF /* ChildObject+CoreDataProperties.swift */; };
		F8FDDF4A2D67379100C325BF /* PersonalInfoVC.swift in Sources */ = {isa = PBXBuildFile; fileRef = F8FDDF492D67379100C325BF /* PersonalInfoVC.swift */; };
		F8FDDF4C2D67389700C325BF /* PersonalInfoForMainUser.swift in Sources */ = {isa = PBXBuildFile; fileRef = F8FDDF4B2D67389700C325BF /* PersonalInfoForMainUser.swift */; };
		F8FDDF4E2D67397100C325BF /* PersonalInfoForChild.swift in Sources */ = {isa = PBXBuildFile; fileRef = F8FDDF4D2D67397100C325BF /* PersonalInfoForChild.swift */; };
		F8FDDF502D673D6C00C325BF /* AddChildVC.swift in Sources */ = {isa = PBXBuildFile; fileRef = F8FDDF4F2D673D6C00C325BF /* AddChildVC.swift */; };
/* End PBXBuildFile section */

/* Begin PBXFileReference section */
		F8C748782D67647200C7C5C0 /* CoreDataManager.swift */ = {isa = PBXFileReference; lastKnownFileType = sourcecode.swift; path = CoreDataManager.swift; sourceTree = "<group>"; };
		F8C7487A2D6764FF00C7C5C0 /* ErrorMessages.swift */ = {isa = PBXFileReference; lastKnownFileType = sourcecode.swift; path = ErrorMessages.swift; sourceTree = "<group>"; };
		F8C7487F2D69D50200C7C5C0 /* ViewController+Ext.swift */ = {isa = PBXFileReference; lastKnownFileType = sourcecode.swift; path = "ViewController+Ext.swift"; sourceTree = "<group>"; };
		F8FDDF0B2D64C87D00C325BF /* ChildrenInfoApp.app */ = {isa = PBXFileReference; explicitFileType = wrapper.application; includeInIndex = 0; path = ChildrenInfoApp.app; sourceTree = BUILT_PRODUCTS_DIR; };
		F8FDDF0E2D64C87D00C325BF /* AppDelegate.swift */ = {isa = PBXFileReference; lastKnownFileType = sourcecode.swift; path = AppDelegate.swift; sourceTree = "<group>"; };
		F8FDDF102D64C87D00C325BF /* SceneDelegate.swift */ = {isa = PBXFileReference; lastKnownFileType = sourcecode.swift; path = SceneDelegate.swift; sourceTree = "<group>"; };
		F8FDDF122D64C87D00C325BF /* MainScreenVC.swift */ = {isa = PBXFileReference; lastKnownFileType = sourcecode.swift; path = MainScreenVC.swift; sourceTree = "<group>"; };
		F8FDDF182D64C87D00C325BF /* ChildrenInfoApp.xcdatamodel */ = {isa = PBXFileReference; lastKnownFileType = wrapper.xcdatamodel; path = ChildrenInfoApp.xcdatamodel; sourceTree = "<group>"; };
		F8FDDF1A2D64C88100C325BF /* Assets.xcassets */ = {isa = PBXFileReference; lastKnownFileType = folder.assetcatalog; path = Assets.xcassets; sourceTree = "<group>"; };
		F8FDDF1D2D64C88100C325BF /* Base */ = {isa = PBXFileReference; lastKnownFileType = file.storyboard; name = Base; path = Base.lproj/LaunchScreen.storyboard; sourceTree = "<group>"; };
		F8FDDF1F2D64C88100C325BF /* Info.plist */ = {isa = PBXFileReference; lastKnownFileType = text.plist.xml; path = Info.plist; sourceTree = "<group>"; };
		F8FDDF252D64CE0500C325BF /* InfoView.swift */ = {isa = PBXFileReference; lastKnownFileType = sourcecode.swift; path = InfoView.swift; sourceTree = "<group>"; };
		F8FDDF2B2D65EAAB00C325BF /* CICustomCell.swift */ = {isa = PBXFileReference; lastKnownFileType = sourcecode.swift; path = CICustomCell.swift; sourceTree = "<group>"; };
		F8FDDF2D2D65EE5B00C325BF /* ChildInfoView.swift */ = {isa = PBXFileReference; lastKnownFileType = sourcecode.swift; path = ChildInfoView.swift; sourceTree = "<group>"; };
		F8FDDF392D66621700C325BF /* CIMainLabel.swift */ = {isa = PBXFileReference; lastKnownFileType = sourcecode.swift; path = CIMainLabel.swift; sourceTree = "<group>"; };
		F8FDDF3B2D66623100C325BF /* CITextFiled.swift */ = {isa = PBXFileReference; lastKnownFileType = sourcecode.swift; path = CITextFiled.swift; sourceTree = "<group>"; };
		F8FDDF3D2D66642100C325BF /* CIButton.swift */ = {isa = PBXFileReference; lastKnownFileType = sourcecode.swift; path = CIButton.swift; sourceTree = "<group>"; };
		F8FDDF432D66677C00C325BF /* ChildObject+CoreDataClass.swift */ = {isa = PBXFileReference; lastKnownFileType = sourcecode.swift; path = "ChildObject+CoreDataClass.swift"; sourceTree = "<group>"; };
		F8FDDF442D66677C00C325BF /* ChildObject+CoreDataProperties.swift */ = {isa = PBXFileReference; lastKnownFileType = sourcecode.swift; path = "ChildObject+CoreDataProperties.swift"; sourceTree = "<group>"; };
		F8FDDF492D67379100C325BF /* PersonalInfoVC.swift */ = {isa = PBXFileReference; lastKnownFileType = sourcecode.swift; path = PersonalInfoVC.swift; sourceTree = "<group>"; };
		F8FDDF4B2D67389700C325BF /* PersonalInfoForMainUser.swift */ = {isa = PBXFileReference; lastKnownFileType = sourcecode.swift; path = PersonalInfoForMainUser.swift; sourceTree = "<group>"; };
		F8FDDF4D2D67397100C325BF /* PersonalInfoForChild.swift */ = {isa = PBXFileReference; lastKnownFileType = sourcecode.swift; path = PersonalInfoForChild.swift; sourceTree = "<group>"; };
		F8FDDF4F2D673D6C00C325BF /* AddChildVC.swift */ = {isa = PBXFileReference; lastKnownFileType = sourcecode.swift; path = AddChildVC.swift; sourceTree = "<group>"; };
/* End PBXFileReference section */

/* Begin PBXFrameworksBuildPhase section */
		F8FDDF082D64C87D00C325BF /* Frameworks */ = {
			isa = PBXFrameworksBuildPhase;
			buildActionMask = 2147483647;
			files = (
			);
			runOnlyForDeploymentPostprocessing = 0;
		};
/* End PBXFrameworksBuildPhase section */

/* Begin PBXGroup section */
		F8C7487C2D69D47800C7C5C0 /* Utilities */ = {
			isa = PBXGroup;
			children = (
				F8C7487A2D6764FF00C7C5C0 /* ErrorMessages.swift */,
				F8C7487F2D69D50200C7C5C0 /* ViewController+Ext.swift */,
			);
			path = Utilities;
			sourceTree = "<group>";
		};
		F8C7487D2D69D48F00C7C5C0 /* Managers */ = {
			isa = PBXGroup;
			children = (
				F8C748782D67647200C7C5C0 /* CoreDataManager.swift */,
			);
			path = Managers;
			sourceTree = "<group>";
		};
		F8C7487E2D69D4A000C7C5C0 /* Model */ = {
			isa = PBXGroup;
			children = (
				F8FDDF432D66677C00C325BF /* ChildObject+CoreDataClass.swift */,
				F8FDDF442D66677C00C325BF /* ChildObject+CoreDataProperties.swift */,
			);
			path = Model;
			sourceTree = "<group>";
		};
		F8FDDF022D64C87D00C325BF = {
			isa = PBXGroup;
			children = (
				F8FDDF0D2D64C87D00C325BF /* ChildrenInfoApp */,
				F8FDDF0C2D64C87D00C325BF /* Products */,
			);
			sourceTree = "<group>";
		};
		F8FDDF0C2D64C87D00C325BF /* Products */ = {
			isa = PBXGroup;
			children = (
				F8FDDF0B2D64C87D00C325BF /* ChildrenInfoApp.app */,
			);
			name = Products;
			sourceTree = "<group>";
		};
		F8FDDF0D2D64C87D00C325BF /* ChildrenInfoApp */ = {
			isa = PBXGroup;
			children = (
				F8FDDF0E2D64C87D00C325BF /* AppDelegate.swift */,
				F8FDDF102D64C87D00C325BF /* SceneDelegate.swift */,
				F8C7487E2D69D4A000C7C5C0 /* Model */,
				F8C7487D2D69D48F00C7C5C0 /* Managers */,
				F8C7487C2D69D47800C7C5C0 /* Utilities */,
				F8FDDF582D67463000C325BF /* Screens */,
				F8FDDF522D67457F00C325BF /* Custom Views */,
				F8FDDF1A2D64C88100C325BF /* Assets.xcassets */,
				F8FDDF1C2D64C88100C325BF /* LaunchScreen.storyboard */,
				F8FDDF1F2D64C88100C325BF /* Info.plist */,
				F8FDDF172D64C87D00C325BF /* ChildrenInfoApp.xcdatamodeld */,
			);
			path = ChildrenInfoApp;
			sourceTree = "<group>";
		};
		F8FDDF522D67457F00C325BF /* Custom Views */ = {
			isa = PBXGroup;
			children = (
				F8FDDF592D67464600C325BF /* Cells */,
				F8FDDF572D6745E300C325BF /* ViewControllers */,
				F8FDDF562D6745DA00C325BF /* Views */,
				F8FDDF552D6745AE00C325BF /* Labels */,
				F8FDDF542D6745A500C325BF /* TextFields */,
				F8FDDF532D67459E00C325BF /* Buttons */,
			);
			path = "Custom Views";
			sourceTree = "<group>";
		};
		F8FDDF532D67459E00C325BF /* Buttons */ = {
			isa = PBXGroup;
			children = (
				F8FDDF3D2D66642100C325BF /* CIButton.swift */,
			);
			path = Buttons;
			sourceTree = "<group>";
		};
		F8FDDF542D6745A500C325BF /* TextFields */ = {
			isa = PBXGroup;
			children = (
				F8FDDF3B2D66623100C325BF /* CITextFiled.swift */,
			);
			path = TextFields;
			sourceTree = "<group>";
		};
		F8FDDF552D6745AE00C325BF /* Labels */ = {
			isa = PBXGroup;
			children = (
				F8FDDF392D66621700C325BF /* CIMainLabel.swift */,
			);
			path = Labels;
			sourceTree = "<group>";
		};
		F8FDDF562D6745DA00C325BF /* Views */ = {
			isa = PBXGroup;
			children = (
				F8FDDF252D64CE0500C325BF /* InfoView.swift */,
				F8FDDF2D2D65EE5B00C325BF /* ChildInfoView.swift */,
			);
			path = Views;
			sourceTree = "<group>";
		};
		F8FDDF572D6745E300C325BF /* ViewControllers */ = {
			isa = PBXGroup;
			children = (
				F8FDDF492D67379100C325BF /* PersonalInfoVC.swift */,
				F8FDDF4B2D67389700C325BF /* PersonalInfoForMainUser.swift */,
				F8FDDF4D2D67397100C325BF /* PersonalInfoForChild.swift */,
			);
			path = ViewControllers;
			sourceTree = "<group>";
		};
		F8FDDF582D67463000C325BF /* Screens */ = {
			isa = PBXGroup;
			children = (
				F8FDDF122D64C87D00C325BF /* MainScreenVC.swift */,
				F8FDDF4F2D673D6C00C325BF /* AddChildVC.swift */,
			);
			path = Screens;
			sourceTree = "<group>";
		};
		F8FDDF592D67464600C325BF /* Cells */ = {
			isa = PBXGroup;
			children = (
				F8FDDF2B2D65EAAB00C325BF /* CICustomCell.swift */,
			);
			path = Cells;
			sourceTree = "<group>";
		};
/* End PBXGroup section */

/* Begin PBXNativeTarget section */
		F8FDDF0A2D64C87D00C325BF /* ChildrenInfoApp */ = {
			isa = PBXNativeTarget;
			buildConfigurationList = F8FDDF222D64C88100C325BF /* Build configuration list for PBXNativeTarget "ChildrenInfoApp" */;
			buildPhases = (
				F8FDDF072D64C87D00C325BF /* Sources */,
				F8FDDF082D64C87D00C325BF /* Frameworks */,
				F8FDDF092D64C87D00C325BF /* Resources */,
			);
			buildRules = (
			);
			dependencies = (
			);
			name = ChildrenInfoApp;
			productName = ChildrenInfoApp;
			productReference = F8FDDF0B2D64C87D00C325BF /* ChildrenInfoApp.app */;
			productType = "com.apple.product-type.application";
		};
/* End PBXNativeTarget section */

/* Begin PBXProject section */
		F8FDDF032D64C87D00C325BF /* Project object */ = {
			isa = PBXProject;
			attributes = {
				BuildIndependentTargetsInParallel = 1;
				LastSwiftUpdateCheck = 1420;
				LastUpgradeCheck = 1420;
				TargetAttributes = {
					F8FDDF0A2D64C87D00C325BF = {
						CreatedOnToolsVersion = 14.2;
					};
				};
			};
			buildConfigurationList = F8FDDF062D64C87D00C325BF /* Build configuration list for PBXProject "ChildrenInfoApp" */;
			compatibilityVersion = "Xcode 14.0";
			developmentRegion = en;
			hasScannedForEncodings = 0;
			knownRegions = (
				en,
				Base,
			);
			mainGroup = F8FDDF022D64C87D00C325BF;
			productRefGroup = F8FDDF0C2D64C87D00C325BF /* Products */;
			projectDirPath = "";
			projectRoot = "";
			targets = (
				F8FDDF0A2D64C87D00C325BF /* ChildrenInfoApp */,
			);
		};
/* End PBXProject section */

/* Begin PBXResourcesBuildPhase section */
		F8FDDF092D64C87D00C325BF /* Resources */ = {
			isa = PBXResourcesBuildPhase;
			buildActionMask = 2147483647;
			files = (
				F8FDDF1E2D64C88100C325BF /* LaunchScreen.storyboard in Resources */,
				F8FDDF1B2D64C88100C325BF /* Assets.xcassets in Resources */,
			);
			runOnlyForDeploymentPostprocessing = 0;
		};
/* End PBXResourcesBuildPhase section */

/* Begin PBXSourcesBuildPhase section */
		F8FDDF072D64C87D00C325BF /* Sources */ = {
			isa = PBXSourcesBuildPhase;
			buildActionMask = 2147483647;
			files = (
				F8FDDF462D66677C00C325BF /* ChildObject+CoreDataProperties.swift in Sources */,
				F8FDDF3C2D66623100C325BF /* CITextFiled.swift in Sources */,
				F8C748792D67647200C7C5C0 /* CoreDataManager.swift in Sources */,
				F8FDDF4C2D67389700C325BF /* PersonalInfoForMainUser.swift in Sources */,
				F8FDDF3A2D66621700C325BF /* CIMainLabel.swift in Sources */,
				F8FDDF2C2D65EAAB00C325BF /* CICustomCell.swift in Sources */,
				F8FDDF132D64C87D00C325BF /* MainScreenVC.swift in Sources */,
				F8C7487B2D6764FF00C7C5C0 /* ErrorMessages.swift in Sources */,
				F8FDDF4A2D67379100C325BF /* PersonalInfoVC.swift in Sources */,
				F8FDDF0F2D64C87D00C325BF /* AppDelegate.swift in Sources */,
				F8FDDF2E2D65EE5B00C325BF /* ChildInfoView.swift in Sources */,
				F8FDDF3E2D66642100C325BF /* CIButton.swift in Sources */,
				F8FDDF4E2D67397100C325BF /* PersonalInfoForChild.swift in Sources */,
				F8FDDF192D64C87D00C325BF /* ChildrenInfoApp.xcdatamodeld in Sources */,
				F8FDDF502D673D6C00C325BF /* AddChildVC.swift in Sources */,
				F8FDDF262D64CE0500C325BF /* InfoView.swift in Sources */,
				F8FDDF452D66677C00C325BF /* ChildObject+CoreDataClass.swift in Sources */,
				F8FDDF112D64C87D00C325BF /* SceneDelegate.swift in Sources */,
				F8C748802D69D50200C7C5C0 /* ViewController+Ext.swift in Sources */,
			);
			runOnlyForDeploymentPostprocessing = 0;
		};
/* End PBXSourcesBuildPhase section */

/* Begin PBXVariantGroup section */
		F8FDDF1C2D64C88100C325BF /* LaunchScreen.storyboard */ = {
			isa = PBXVariantGroup;
			children = (
				F8FDDF1D2D64C88100C325BF /* Base */,
			);
			name = LaunchScreen.storyboard;
			sourceTree = "<group>";
		};
/* End PBXVariantGroup section */

/* Begin XCBuildConfiguration section */
		F8FDDF202D64C88100C325BF /* Debug */ = {
			isa = XCBuildConfiguration;
			buildSettings = {
				ALWAYS_SEARCH_USER_PATHS = NO;
				CLANG_ANALYZER_NONNULL = YES;
				CLANG_ANALYZER_NUMBER_OBJECT_CONVERSION = YES_AGGRESSIVE;
				CLANG_CXX_LANGUAGE_STANDARD = "gnu++20";
				CLANG_ENABLE_MODULES = YES;
				CLANG_ENABLE_OBJC_ARC = YES;
				CLANG_ENABLE_OBJC_WEAK = YES;
				CLANG_WARN_BLOCK_CAPTURE_AUTORELEASING = YES;
				CLANG_WARN_BOOL_CONVERSION = YES;
				CLANG_WARN_COMMA = YES;
				CLANG_WARN_CONSTANT_CONVERSION = YES;
				CLANG_WARN_DEPRECATED_OBJC_IMPLEMENTATIONS = YES;
				CLANG_WARN_DIRECT_OBJC_ISA_USAGE = YES_ERROR;
				CLANG_WARN_DOCUMENTATION_COMMENTS = YES;
				CLANG_WARN_EMPTY_BODY = YES;
				CLANG_WARN_ENUM_CONVERSION = YES;
				CLANG_WARN_INFINITE_RECURSION = YES;
				CLANG_WARN_INT_CONVERSION = YES;
				CLANG_WARN_NON_LITERAL_NULL_CONVERSION = YES;
				CLANG_WARN_OBJC_IMPLICIT_RETAIN_SELF = YES;
				CLANG_WARN_OBJC_LITERAL_CONVERSION = YES;
				CLANG_WARN_OBJC_ROOT_CLASS = YES_ERROR;
				CLANG_WARN_QUOTED_INCLUDE_IN_FRAMEWORK_HEADER = YES;
				CLANG_WARN_RANGE_LOOP_ANALYSIS = YES;
				CLANG_WARN_STRICT_PROTOTYPES = YES;
				CLANG_WARN_SUSPICIOUS_MOVE = YES;
				CLANG_WARN_UNGUARDED_AVAILABILITY = YES_AGGRESSIVE;
				CLANG_WARN_UNREACHABLE_CODE = YES;
				CLANG_WARN__DUPLICATE_METHOD_MATCH = YES;
				COPY_PHASE_STRIP = NO;
				DEBUG_INFORMATION_FORMAT = dwarf;
				ENABLE_STRICT_OBJC_MSGSEND = YES;
				ENABLE_TESTABILITY = YES;
				GCC_C_LANGUAGE_STANDARD = gnu11;
				GCC_DYNAMIC_NO_PIC = NO;
				GCC_NO_COMMON_BLOCKS = YES;
				GCC_OPTIMIZATION_LEVEL = 0;
				GCC_PREPROCESSOR_DEFINITIONS = (
					"DEBUG=1",
					"$(inherited)",
				);
				GCC_WARN_64_TO_32_BIT_CONVERSION = YES;
				GCC_WARN_ABOUT_RETURN_TYPE = YES_ERROR;
				GCC_WARN_UNDECLARED_SELECTOR = YES;
				GCC_WARN_UNINITIALIZED_AUTOS = YES_AGGRESSIVE;
				GCC_WARN_UNUSED_FUNCTION = YES;
				GCC_WARN_UNUSED_VARIABLE = YES;
				IPHONEOS_DEPLOYMENT_TARGET = 16.2;
				MTL_ENABLE_DEBUG_INFO = INCLUDE_SOURCE;
				MTL_FAST_MATH = YES;
				ONLY_ACTIVE_ARCH = YES;
				SDKROOT = iphoneos;
				SWIFT_ACTIVE_COMPILATION_CONDITIONS = DEBUG;
				SWIFT_OPTIMIZATION_LEVEL = "-Onone";
			};
			name = Debug;
		};
		F8FDDF212D64C88100C325BF /* Release */ = {
			isa = XCBuildConfiguration;
			buildSettings = {
				ALWAYS_SEARCH_USER_PATHS = NO;
				CLANG_ANALYZER_NONNULL = YES;
				CLANG_ANALYZER_NUMBER_OBJECT_CONVERSION = YES_AGGRESSIVE;
				CLANG_CXX_LANGUAGE_STANDARD = "gnu++20";
				CLANG_ENABLE_MODULES = YES;
				CLANG_ENABLE_OBJC_ARC = YES;
				CLANG_ENABLE_OBJC_WEAK = YES;
				CLANG_WARN_BLOCK_CAPTURE_AUTORELEASING = YES;
				CLANG_WARN_BOOL_CONVERSION = YES;
				CLANG_WARN_COMMA = YES;
				CLANG_WARN_CONSTANT_CONVERSION = YES;
				CLANG_WARN_DEPRECATED_OBJC_IMPLEMENTATIONS = YES;
				CLANG_WARN_DIRECT_OBJC_ISA_USAGE = YES_ERROR;
				CLANG_WARN_DOCUMENTATION_COMMENTS = YES;
				CLANG_WARN_EMPTY_BODY = YES;
				CLANG_WARN_ENUM_CONVERSION = YES;
				CLANG_WARN_INFINITE_RECURSION = YES;
				CLANG_WARN_INT_CONVERSION = YES;
				CLANG_WARN_NON_LITERAL_NULL_CONVERSION = YES;
				CLANG_WARN_OBJC_IMPLICIT_RETAIN_SELF = YES;
				CLANG_WARN_OBJC_LITERAL_CONVERSION = YES;
				CLANG_WARN_OBJC_ROOT_CLASS = YES_ERROR;
				CLANG_WARN_QUOTED_INCLUDE_IN_FRAMEWORK_HEADER = YES;
				CLANG_WARN_RANGE_LOOP_ANALYSIS = YES;
				CLANG_WARN_STRICT_PROTOTYPES = YES;
				CLANG_WARN_SUSPICIOUS_MOVE = YES;
				CLANG_WARN_UNGUARDED_AVAILABILITY = YES_AGGRESSIVE;
				CLANG_WARN_UNREACHABLE_CODE = YES;
				CLANG_WARN__DUPLICATE_METHOD_MATCH = YES;
				COPY_PHASE_STRIP = NO;
				DEBUG_INFORMATION_FORMAT = "dwarf-with-dsym";
				ENABLE_NS_ASSERTIONS = NO;
				ENABLE_STRICT_OBJC_MSGSEND = YES;
				GCC_C_LANGUAGE_STANDARD = gnu11;
				GCC_NO_COMMON_BLOCKS = YES;
				GCC_WARN_64_TO_32_BIT_CONVERSION = YES;
				GCC_WARN_ABOUT_RETURN_TYPE = YES_ERROR;
				GCC_WARN_UNDECLARED_SELECTOR = YES;
				GCC_WARN_UNINITIALIZED_AUTOS = YES_AGGRESSIVE;
				GCC_WARN_UNUSED_FUNCTION = YES;
				GCC_WARN_UNUSED_VARIABLE = YES;
				IPHONEOS_DEPLOYMENT_TARGET = 16.2;
				MTL_ENABLE_DEBUG_INFO = NO;
				MTL_FAST_MATH = YES;
				SDKROOT = iphoneos;
				SWIFT_COMPILATION_MODE = wholemodule;
				SWIFT_OPTIMIZATION_LEVEL = "-O";
				VALIDATE_PRODUCT = YES;
			};
			name = Release;
		};
		F8FDDF232D64C88100C325BF /* Debug */ = {
			isa = XCBuildConfiguration;
			buildSettings = {
				ASSETCATALOG_COMPILER_APPICON_NAME = AppIcon;
				ASSETCATALOG_COMPILER_GLOBAL_ACCENT_COLOR_NAME = AccentColor;
				CODE_SIGN_STYLE = Automatic;
				CURRENT_PROJECT_VERSION = 1;
				DEVELOPMENT_TEAM = P9CRAL7TU6;
				GENERATE_INFOPLIST_FILE = YES;
				INFOPLIST_FILE = ChildrenInfoApp/Info.plist;
				INFOPLIST_KEY_UIApplicationSupportsIndirectInputEvents = YES;
				INFOPLIST_KEY_UILaunchStoryboardName = LaunchScreen;
				INFOPLIST_KEY_UISupportedInterfaceOrientations = UIInterfaceOrientationPortrait;
				INFOPLIST_KEY_UISupportedInterfaceOrientations_iPad = "UIInterfaceOrientationPortrait UIInterfaceOrientationPortraitUpsideDown";
				LD_RUNPATH_SEARCH_PATHS = (
					"$(inherited)",
					"@executable_path/Frameworks",
				);
				MARKETING_VERSION = 1.0;
				PRODUCT_BUNDLE_IDENTIFIER = "com.rubin-vadim-apps.ChildrenInfoApp";
				PRODUCT_NAME = "$(TARGET_NAME)";
				SWIFT_EMIT_LOC_STRINGS = YES;
				SWIFT_VERSION = 5.0;
				TARGETED_DEVICE_FAMILY = "1,2";
			};
			name = Debug;
		};
		F8FDDF242D64C88100C325BF /* Release */ = {
			isa = XCBuildConfiguration;
			buildSettings = {
				ASSETCATALOG_COMPILER_APPICON_NAME = AppIcon;
				ASSETCATALOG_COMPILER_GLOBAL_ACCENT_COLOR_NAME = AccentColor;
				CODE_SIGN_STYLE = Automatic;
				CURRENT_PROJECT_VERSION = 1;
				DEVELOPMENT_TEAM = P9CRAL7TU6;
				GENERATE_INFOPLIST_FILE = YES;
				INFOPLIST_FILE = ChildrenInfoApp/Info.plist;
				INFOPLIST_KEY_UIApplicationSupportsIndirectInputEvents = YES;
				INFOPLIST_KEY_UILaunchStoryboardName = LaunchScreen;
				INFOPLIST_KEY_UISupportedInterfaceOrientations = UIInterfaceOrientationPortrait;
				INFOPLIST_KEY_UISupportedInterfaceOrientations_iPad = "UIInterfaceOrientationPortrait UIInterfaceOrientationPortraitUpsideDown";
				LD_RUNPATH_SEARCH_PATHS = (
					"$(inherited)",
					"@executable_path/Frameworks",
				);
				MARKETING_VERSION = 1.0;
				PRODUCT_BUNDLE_IDENTIFIER = "com.rubin-vadim-apps.ChildrenInfoApp";
				PRODUCT_NAME = "$(TARGET_NAME)";
				SWIFT_EMIT_LOC_STRINGS = YES;
				SWIFT_VERSION = 5.0;
				TARGETED_DEVICE_FAMILY = "1,2";
			};
			name = Release;
		};
/* End XCBuildConfiguration section */

/* Begin XCConfigurationList section */
		F8FDDF062D64C87D00C325BF /* Build configuration list for PBXProject "ChildrenInfoApp" */ = {
			isa = XCConfigurationList;
			buildConfigurations = (
				F8FDDF202D64C88100C325BF /* Debug */,
				F8FDDF212D64C88100C325BF /* Release */,
			);
			defaultConfigurationIsVisible = 0;
			defaultConfigurationName = Release;
		};
		F8FDDF222D64C88100C325BF /* Build configuration list for PBXNativeTarget "ChildrenInfoApp" */ = {
			isa = XCConfigurationList;
			buildConfigurations = (
				F8FDDF232D64C88100C325BF /* Debug */,
				F8FDDF242D64C88100C325BF /* Release */,
			);
			defaultConfigurationIsVisible = 0;
			defaultConfigurationName = Release;
		};
/* End XCConfigurationList section */

/* Begin XCVersionGroup section */
		F8FDDF172D64C87D00C325BF /* ChildrenInfoApp.xcdatamodeld */ = {
			isa = XCVersionGroup;
			children = (
				F8FDDF182D64C87D00C325BF /* ChildrenInfoApp.xcdatamodel */,
			);
			currentVersion = F8FDDF182D64C87D00C325BF /* ChildrenInfoApp.xcdatamodel */;
			path = ChildrenInfoApp.xcdatamodeld;
			sourceTree = "<group>";
			versionGroupType = wrapper.xcdatamodel;
		};
/* End XCVersionGroup section */
	};
	rootObject = F8FDDF032D64C87D00C325BF /* Project object */;
}
